Microsoft Visual Studio Solution File, Format Version 12.00
# Visual Studio Version 18
VisualStudioVersion = 18.3.11429.125 d18.3
MinimumVisualStudioVersion = 10.0.40219.1
Project("{FAE04EC0-301F-11D3-BF4B-00C04F79EFBC}") = "Hyip-Payments.Models", "Hyip-Payments.Models\Hyip-Payments.Models.csproj", "{3AAE2E92-658F-41FC-A3CA-A6D12119AADE}"
EndProject
Project("{FAE04EC0-301F-11D3-BF4B-00C04F79EFBC}") = "Hyip-Payments.Context", "Hyip-Payments.Context\Hyip-Payments.Context.csproj", "{08CA2CC9-472B-456F-A03A-5B09DD372883}"
EndProject
Project("{FAE04EC0-301F-11D3-BF4B-00C04F79EFBC}") = "Hyip-Payments.Command", "Hyip-Payments.Command\Hyip-Payments.Command.csproj", "{C5BACAD3-EB80-4DBF-A70F-FAB4593C77C9}"
EndProject
Project("{FAE04EC0-301F-11D3-BF4B-00C04F79EFBC}") = "Hyip-Payments.Query", "Hyip-Payments.Query\Hyip-Payments.Query.csproj", "{D4105987-02A7-46B6-84A4-94AC0638F199}"
EndProject
Project("{FAE04EC0-301F-11D3-BF4B-00C04F79EFBC}") = "Hyip-Payments.Services", "Hyip-Payments.Services\Hyip-Payments.Services.csproj", "{43A5D96A-A0B7-4F33-AF9C-04DECAE9FB89}"
EndProject
Project("{FAE04EC0-301F-11D3-BF4B-00C04F79EFBC}") = "Hyip-Payments.Shared", "..\hypay\Hyip-Payments\Hiyp-Payments.Shared\Hyip-Payments.Shared.csproj", "{34EAF63B-D407-3FD1-1A24-0EF2667AF885}"
EndProject
Project("{FAE04EC0-301F-11D3-BF4B-00C04F79EFBC}") = "Hyip-Payments.Web", "Hyip-Payments.Web\Hyip-Payments.Web\Hyip-Payments.Web.csproj", "{0F674E4D-8D0F-4FAD-AE05-FC8FB10067A2}"
EndProject
Project("{FAE04EC0-301F-11D3-BF4B-00C04F79EFBC}") = "Hyip-Payments.Web.Client", "Hyip-Payments.Web\Hyip-Payments.Web.Client\Hyip-Payments.Web.Client.csproj", "{5CC4598E-B629-44F3-B3F2-90399DC31500}"
EndProject
Project("{FAE04EC0-301F-11D3-BF4B-00C04F79EFBC}") = "Hyip_Payments.Api", "Hyip_Payments.Api\Hyip_Payments.Api.csproj", "{7A1F30D1-2D33-4132-A309-EF0D3253DE73}"
EndProject
Project("{FAE04EC0-301F-11D3-BF4B-00C04F79EFBC}") = "Hyip-Payment.Crypto", "Hyip-Payment.Crypto\Hyip-Payment.Crypto.csproj", "{13AE27B0-9769-4B0E-A6C8-91E991351E0F}"
EndProject
Global
	GlobalSection(SolutionConfigurationPlatforms) = preSolution
		Debug|Any CPU = Debug|Any CPU
		Release|Any CPU = Release|Any CPU
	EndGlobalSection
	GlobalSection(ProjectConfigurationPlatforms) = postSolution
		{3AAE2E92-658F-41FC-A3CA-A6D12119AADE}.Debug|Any CPU.ActiveCfg = Debug|Any CPU
		{3AAE2E92-658F-41FC-A3CA-A6D12119AADE}.Debug|Any CPU.Build.0 = Debug|Any CPU
		{3AAE2E92-658F-41FC-A3CA-A6D12119AADE}.Release|Any CPU.ActiveCfg = Release|Any CPU
		{3AAE2E92-658F-41FC-A3CA-A6D12119AADE}.Release|Any CPU.Build.0 = Release|Any CPU
		{08CA2CC9-472B-456F-A03A-5B09DD372883}.Debug|Any CPU.ActiveCfg = Debug|Any CPU
		{08CA2CC9-472B-456F-A03A-5B09DD372883}.Debug|Any CPU.Build.0 = Debug|Any CPU
		{08CA2CC9-472B-456F-A03A-5B09DD372883}.Release|Any CPU.ActiveCfg = Release|Any CPU
		{08CA2CC9-472B-456F-A03A-5B09DD372883}.Release|Any CPU.Build.0 = Release|Any CPU
		{C5BACAD3-EB80-4DBF-A70F-FAB4593C77C9}.Debug|Any CPU.ActiveCfg = Debug|Any CPU
		{C5BACAD3-EB80-4DBF-A70F-FAB4593C77C9}.Debug|Any CPU.Build.0 = Debug|Any CPU
		{C5BACAD3-EB80-4DBF-A70F-FAB4593C77C9}.Release|Any CPU.ActiveCfg = Release|Any CPU
		{C5BACAD3-EB80-4DBF-A70F-FAB4593C77C9}.Release|Any CPU.Build.0 = Release|Any CPU
		{D4105987-02A7-46B6-84A4-94AC0638F199}.Debug|Any CPU.ActiveCfg = Debug|Any CPU
		{D4105987-02A7-46B6-84A4-94AC0638F199}.Debug|Any CPU.Build.0 = Debug|Any CPU
		{D4105987-02A7-46B6-84A4-94AC0638F199}.Release|Any CPU.ActiveCfg = Release|Any CPU
		{D4105987-02A7-46B6-84A4-94AC0638F199}.Release|Any CPU.Build.0 = Release|Any CPU
		{43A5D96A-A0B7-4F33-AF9C-04DECAE9FB89}.Debug|Any CPU.ActiveCfg = Debug|Any CPU
		{43A5D96A-A0B7-4F33-AF9C-04DECAE9FB89}.Debug|Any CPU.Build.0 = Debug|Any CPU
		{43A5D96A-A0B7-4F33-AF9C-04DECAE9FB89}.Release|Any CPU.ActiveCfg = Release|Any CPU
		{43A5D96A-A0B7-4F33-AF9C-04DECAE9FB89}.Release|Any CPU.Build.0 = Release|Any CPU
		{34EAF63B-D407-3FD1-1A24-0EF2667AF885}.Debug|Any CPU.ActiveCfg = Debug|Any CPU
		{34EAF63B-D407-3FD1-1A24-0EF2667AF885}.Debug|Any CPU.Build.0 = Debug|Any CPU
		{34EAF63B-D407-3FD1-1A24-0EF2667AF885}.Release|Any CPU.ActiveCfg = Release|Any CPU
		{34EAF63B-D407-3FD1-1A24-0EF2667AF885}.Release|Any CPU.Build.0 = Release|Any CPU
		{0F674E4D-8D0F-4FAD-AE05-FC8FB10067A2}.Debug|Any CPU.ActiveCfg = Debug|Any CPU
		{0F674E4D-8D0F-4FAD-AE05-FC8FB10067A2}.Debug|Any CPU.Build.0 = Debug|Any CPU
		{0F674E4D-8D0F-4FAD-AE05-FC8FB10067A2}.Release|Any CPU.ActiveCfg = Release|Any CPU
		{0F674E4D-8D0F-4FAD-AE05-FC8FB10067A2}.Release|Any CPU.Build.0 = Release|Any CPU
		{5CC4598E-B629-44F3-B3F2-90399DC31500}.Debug|Any CPU.ActiveCfg = Debug|Any CPU
		{5CC4598E-B629-44F3-B3F2-90399DC31500}.Debug|Any CPU.Build.0 = Debug|Any CPU
		{5CC4598E-B629-44F3-B3F2-90399DC31500}.Release|Any CPU.ActiveCfg = Release|Any CPU
		{5CC4598E-B629-44F3-B3F2-90399DC31500}.Release|Any CPU.Build.0 = Release|Any CPU
		{7A1F30D1-2D33-4132-A309-EF0D3253DE73}.Debug|Any CPU.ActiveCfg = Debug|Any CPU
		{7A1F30D1-2D33-4132-A309-EF0D3253DE73}.Debug|Any CPU.Build.0 = Debug|Any CPU
		{7A1F30D1-2D33-4132-A309-EF0D3253DE73}.Release|Any CPU.ActiveCfg = Release|Any CPU
		{7A1F30D1-2D33-4132-A309-EF0D3253DE73}.Release|Any CPU.Build.0 = Release|Any CPU
		{13AE27B0-9769-4B0E-A6C8-91E991351E0F}.Debug|Any CPU.ActiveCfg = Debug|Any CPU
		{13AE27B0-9769-4B0E-A6C8-91E991351E0F}.Debug|Any CPU.Build.0 = Debug|Any CPU
		{13AE27B0-9769-4B0E-A6C8-91E991351E0F}.Release|Any CPU.ActiveCfg = Release|Any CPU
		{13AE27B0-9769-4B0E-A6C8-91E991351E0F}.Release|Any CPU.Build.0 = Release|Any CPU
	EndGlobalSection
	GlobalSection(SolutionProperties) = preSolution
		HideSolutionNode = FALSE
	EndGlobalSection
	GlobalSection(ExtensibilityGlobals) = postSolution
		SolutionGuid = {3C94A324-1853-48BA-99A6-C524D127269D}
	EndGlobalSection
EndGlobal
